
Microsoft Visual Studio Solution File, Format Version 12.00
# Visual Studio 14
VisualStudioVersion = 14.0.22609.0
MinimumVisualStudioVersion = 10.0.40219.1
Project("{FAE04EC0-301F-11D3-BF4B-00C04F79EFBC}") = "GlassScript", "Src\GlassScript\GlassScript.csproj", "{14368427-C477-4B65-9042-342CAD525873}"
EndProject
Project("{2150E333-8FDC-42A3-9474-1A3956D46DE8}") = "Src", "Src", "{E6479FBB-9129-4DD3-81F4-38520885D523}"
EndProject
Project("{FAE04EC0-301F-11D3-BF4B-00C04F79EFBC}") = "GlassScript.Tests", "Src\GlassScript.Tests\GlassScript.Tests.csproj", "{86C805DA-4C3D-4568-AE66-A2AE98DBA43D}"
EndProject
Project("{FAE04EC0-301F-11D3-BF4B-00C04F79EFBC}") = "GlassScript.InteractiveConsole", "Src\GlassScript.InteractiveConsole\GlassScript.InteractiveConsole.csproj", "{0DB704B1-E156-43D4-99A9-9D4C541A6D0E}"
EndProject
Global
	GlobalSection(SolutionConfigurationPlatforms) = preSolution
		Debug|Any CPU = Debug|Any CPU
		Release|Any CPU = Release|Any CPU
	EndGlobalSection
	GlobalSection(ProjectConfigurationPlatforms) = postSolution
		{14368427-C477-4B65-9042-342CAD525873}.Debug|Any CPU.ActiveCfg = Debug|Any CPU
		{14368427-C477-4B65-9042-342CAD525873}.Debug|Any CPU.Build.0 = Debug|Any CPU
		{14368427-C477-4B65-9042-342CAD525873}.Release|Any CPU.ActiveCfg = Release|Any CPU
		{14368427-C477-4B65-9042-342CAD525873}.Release|Any CPU.Build.0 = Release|Any CPU
		{86C805DA-4C3D-4568-AE66-A2AE98DBA43D}.Debug|Any CPU.ActiveCfg = Debug|Any CPU
		{86C805DA-4C3D-4568-AE66-A2AE98DBA43D}.Debug|Any CPU.Build.0 = Debug|Any CPU
		{86C805DA-4C3D-4568-AE66-A2AE98DBA43D}.Release|Any CPU.ActiveCfg = Release|Any CPU
		{86C805DA-4C3D-4568-AE66-A2AE98DBA43D}.Release|Any CPU.Build.0 = Release|Any CPU
		{0DB704B1-E156-43D4-99A9-9D4C541A6D0E}.Debug|Any CPU.ActiveCfg = Debug|Any CPU
		{0DB704B1-E156-43D4-99A9-9D4C541A6D0E}.Debug|Any CPU.Build.0 = Debug|Any CPU
		{0DB704B1-E156-43D4-99A9-9D4C541A6D0E}.Release|Any CPU.ActiveCfg = Release|Any CPU
		{0DB704B1-E156-43D4-99A9-9D4C541A6D0E}.Release|Any CPU.Build.0 = Release|Any CPU
	EndGlobalSection
	GlobalSection(SolutionProperties) = preSolution
		HideSolutionNode = FALSE
	EndGlobalSection
	GlobalSection(NestedProjects) = preSolution
		{14368427-C477-4B65-9042-342CAD525873} = {E6479FBB-9129-4DD3-81F4-38520885D523}
		{86C805DA-4C3D-4568-AE66-A2AE98DBA43D} = {E6479FBB-9129-4DD3-81F4-38520885D523}
		{0DB704B1-E156-43D4-99A9-9D4C541A6D0E} = {E6479FBB-9129-4DD3-81F4-38520885D523}
	EndGlobalSection
EndGlobal
